
Microsoft Visual Studio Solution File, Format Version 12.00
# Visual Studio 15
Project("{FAE04EC0-301F-11D3-BF4B-00C04F79EFBC}") = "SimpleOOPSExamples", "SimpleOOPSExamples\SimpleOOPSExamples.csproj", "{39A82E1A-8198-4C68-A00E-441F3D88DBD3}"
EndProject
Global
	GlobalSection(SolutionConfigurationPlatforms) = preSolution
		Debug|Any CPU = Debug|Any CPU
		Release|Any CPU = Release|Any CPU
	EndGlobalSection
	GlobalSection(ProjectConfigurationPlatforms) = postSolution
		{39A82E1A-8198-4C68-A00E-441F3D88DBD3}.Debug|Any CPU.ActiveCfg = Debug|Any CPU
		{39A82E1A-8198-4C68-A00E-441F3D88DBD3}.Debug|Any CPU.Build.0 = Debug|Any CPU
		{39A82E1A-8198-4C68-A00E-441F3D88DBD3}.Release|Any CPU.ActiveCfg = Release|Any CPU
		{39A82E1A-8198-4C68-A00E-441F3D88DBD3}.Release|Any CPU.Build.0 = Release|Any CPU
	EndGlobalSection
EndGlobal
